
Microsoft Visual Studio Solution File, Format Version 12.00
# Visual Studio Version 16
VisualStudioVersion = 16.0.28803.452
MinimumVisualStudioVersion = 10.0.40219.1
Project("{FAE04EC0-301F-11D3-BF4B-00C04F79EFBC}") = "Export", "Export\Export.csproj", "{C1B8F811-BCC1-4324-91E1-A5D984B6E21A}"
EndProject
Project("{FAE04EC0-301F-11D3-BF4B-00C04F79EFBC}") = "Export.Pdf", "Export.Pdf\Export.Pdf.csproj", "{E0748D87-EAF2-4B6A-9C0B-92A206142D67}"
EndProject
Project("{FAE04EC0-301F-11D3-BF4B-00C04F79EFBC}") = "Export.Xlsx", "Export.Xlsx\Export.Xlsx.csproj", "{B20A079F-CFB2-4817-9016-12DBD493DAE8}"
EndProject
Project("{FAE04EC0-301F-11D3-BF4B-00C04F79EFBC}") = "Export.Txt", "Export.Txt\Export.Txt.csproj", "{679FC664-C366-4453-A7F6-466B7A701E1C}"
EndProject
Project("{FAE04EC0-301F-11D3-BF4B-00C04F79EFBC}") = "Export.Base", "Export.Base\Export.Base.csproj", "{82760AEB-C6B6-4883-B6EF-331E99F7246E}"
EndProject
Project("{FAE04EC0-301F-11D3-BF4B-00C04F79EFBC}") = "Demo", "Demo\Demo.csproj", "{1267367C-AC4C-4D31-903C-9D7F2E509BE0}"
EndProject
Project("{FAE04EC0-301F-11D3-BF4B-00C04F79EFBC}") = "Demo.Web", "Demo.Web\Demo.Web.csproj", "{209FAE8E-6481-4788-A289-45A345AF9733}"
EndProject
Project("{FAE04EC0-301F-11D3-BF4B-00C04F79EFBC}") = "DataStructures", "DataStructures\DataStructures.csproj", "{4353491F-5ED4-466B-9755-91691B99EEBF}"
EndProject
Global
	GlobalSection(SolutionConfigurationPlatforms) = preSolution
		Debug|Any CPU = Debug|Any CPU
		Release|Any CPU = Release|Any CPU
	EndGlobalSection
	GlobalSection(ProjectConfigurationPlatforms) = postSolution
		{C1B8F811-BCC1-4324-91E1-A5D984B6E21A}.Debug|Any CPU.ActiveCfg = Debug|Any CPU
		{C1B8F811-BCC1-4324-91E1-A5D984B6E21A}.Debug|Any CPU.Build.0 = Debug|Any CPU
		{C1B8F811-BCC1-4324-91E1-A5D984B6E21A}.Release|Any CPU.ActiveCfg = Release|Any CPU
		{C1B8F811-BCC1-4324-91E1-A5D984B6E21A}.Release|Any CPU.Build.0 = Release|Any CPU
		{E0748D87-EAF2-4B6A-9C0B-92A206142D67}.Debug|Any CPU.ActiveCfg = Debug|Any CPU
		{E0748D87-EAF2-4B6A-9C0B-92A206142D67}.Debug|Any CPU.Build.0 = Debug|Any CPU
		{E0748D87-EAF2-4B6A-9C0B-92A206142D67}.Release|Any CPU.ActiveCfg = Release|Any CPU
		{E0748D87-EAF2-4B6A-9C0B-92A206142D67}.Release|Any CPU.Build.0 = Release|Any CPU
		{B20A079F-CFB2-4817-9016-12DBD493DAE8}.Debug|Any CPU.ActiveCfg = Debug|Any CPU
		{B20A079F-CFB2-4817-9016-12DBD493DAE8}.Debug|Any CPU.Build.0 = Debug|Any CPU
		{B20A079F-CFB2-4817-9016-12DBD493DAE8}.Release|Any CPU.ActiveCfg = Release|Any CPU
		{B20A079F-CFB2-4817-9016-12DBD493DAE8}.Release|Any CPU.Build.0 = Release|Any CPU
		{679FC664-C366-4453-A7F6-466B7A701E1C}.Debug|Any CPU.ActiveCfg = Debug|Any CPU
		{679FC664-C366-4453-A7F6-466B7A701E1C}.Debug|Any CPU.Build.0 = Debug|Any CPU
		{679FC664-C366-4453-A7F6-466B7A701E1C}.Release|Any CPU.ActiveCfg = Release|Any CPU
		{679FC664-C366-4453-A7F6-466B7A701E1C}.Release|Any CPU.Build.0 = Release|Any CPU
		{82760AEB-C6B6-4883-B6EF-331E99F7246E}.Debug|Any CPU.ActiveCfg = Debug|Any CPU
		{82760AEB-C6B6-4883-B6EF-331E99F7246E}.Debug|Any CPU.Build.0 = Debug|Any CPU
		{82760AEB-C6B6-4883-B6EF-331E99F7246E}.Release|Any CPU.ActiveCfg = Release|Any CPU
		{82760AEB-C6B6-4883-B6EF-331E99F7246E}.Release|Any CPU.Build.0 = Release|Any CPU
		{1267367C-AC4C-4D31-903C-9D7F2E509BE0}.Debug|Any CPU.ActiveCfg = Debug|Any CPU
		{1267367C-AC4C-4D31-903C-9D7F2E509BE0}.Debug|Any CPU.Build.0 = Debug|Any CPU
		{1267367C-AC4C-4D31-903C-9D7F2E509BE0}.Release|Any CPU.ActiveCfg = Release|Any CPU
		{1267367C-AC4C-4D31-903C-9D7F2E509BE0}.Release|Any CPU.Build.0 = Release|Any CPU
		{209FAE8E-6481-4788-A289-45A345AF9733}.Debug|Any CPU.ActiveCfg = Debug|Any CPU
		{209FAE8E-6481-4788-A289-45A345AF9733}.Debug|Any CPU.Build.0 = Debug|Any CPU
		{209FAE8E-6481-4788-A289-45A345AF9733}.Release|Any CPU.ActiveCfg = Release|Any CPU
		{209FAE8E-6481-4788-A289-45A345AF9733}.Release|Any CPU.Build.0 = Release|Any CPU
		{4353491F-5ED4-466B-9755-91691B99EEBF}.Debug|Any CPU.ActiveCfg = Debug|Any CPU
		{4353491F-5ED4-466B-9755-91691B99EEBF}.Debug|Any CPU.Build.0 = Debug|Any CPU
		{4353491F-5ED4-466B-9755-91691B99EEBF}.Release|Any CPU.ActiveCfg = Release|Any CPU
		{4353491F-5ED4-466B-9755-91691B99EEBF}.Release|Any CPU.Build.0 = Release|Any CPU
	EndGlobalSection
	GlobalSection(SolutionProperties) = preSolution
		HideSolutionNode = FALSE
	EndGlobalSection
	GlobalSection(ExtensibilityGlobals) = postSolution
		SolutionGuid = {6757D929-46EC-4E43-9A3F-12296F507DAF}
	EndGlobalSection
EndGlobal
